
Microsoft Visual Studio Solution File, Format Version 12.00
# Visual Studio 2017
Project("{FAE04EC0-301F-11D3-BF4B-00C04F79EFBC}") = "VR_Project2", "VR_Project2.csproj", "{08D17936-7754-6D2C-2B72-2175C057F9E9}"
EndProject
Project("{FAE04EC0-301F-11D3-BF4B-00C04F79EFBC}") = "VR_Project2.Plugins", "VR_Project2.Plugins.csproj", "{F385E9C1-F28A-781B-0A49-8F1C2CE77E0C}"
EndProject
Project("{FAE04EC0-301F-11D3-BF4B-00C04F79EFBC}") = "VR_Project2.Editor.Plugins", "VR_Project2.Editor.Plugins.csproj", "{65089BDF-3D58-9E3A-013E-B7EFAD0B678E}"
EndProject
Global
	GlobalSection(SolutionConfigurationPlatforms) = preSolution
		Debug|Any CPU = Debug|Any CPU
		Release|Any CPU = Release|Any CPU
	EndGlobalSection
	GlobalSection(ProjectConfigurationPlatforms) = postSolution
		{08D17936-7754-6D2C-2B72-2175C057F9E9}.Debug|Any CPU.ActiveCfg = Debug|Any CPU
		{08D17936-7754-6D2C-2B72-2175C057F9E9}.Debug|Any CPU.Build.0 = Debug|Any CPU
		{08D17936-7754-6D2C-2B72-2175C057F9E9}.Release|Any CPU.ActiveCfg = Release|Any CPU
		{08D17936-7754-6D2C-2B72-2175C057F9E9}.Release|Any CPU.Build.0 = Release|Any CPU
		{F385E9C1-F28A-781B-0A49-8F1C2CE77E0C}.Debug|Any CPU.ActiveCfg = Debug|Any CPU
		{F385E9C1-F28A-781B-0A49-8F1C2CE77E0C}.Debug|Any CPU.Build.0 = Debug|Any CPU
		{F385E9C1-F28A-781B-0A49-8F1C2CE77E0C}.Release|Any CPU.ActiveCfg = Release|Any CPU
		{F385E9C1-F28A-781B-0A49-8F1C2CE77E0C}.Release|Any CPU.Build.0 = Release|Any CPU
		{65089BDF-3D58-9E3A-013E-B7EFAD0B678E}.Debug|Any CPU.ActiveCfg = Debug|Any CPU
		{65089BDF-3D58-9E3A-013E-B7EFAD0B678E}.Debug|Any CPU.Build.0 = Debug|Any CPU
		{65089BDF-3D58-9E3A-013E-B7EFAD0B678E}.Release|Any CPU.ActiveCfg = Release|Any CPU
		{65089BDF-3D58-9E3A-013E-B7EFAD0B678E}.Release|Any CPU.Build.0 = Release|Any CPU
	EndGlobalSection
	GlobalSection(SolutionProperties) = preSolution
		HideSolutionNode = FALSE
	EndGlobalSection
EndGlobal
